
Microsoft Visual Studio Solution File, Format Version 12.00
# Visual Studio Version 16
VisualStudioVersion = 16.0.30709.132
MinimumVisualStudioVersion = 10.0.40219.1
Project("{FAE04EC0-301F-11D3-BF4B-00C04F79EFBC}") = "Library.Entities", "Library.Entities\Library.Entities.csproj", "{D71C5109-81BA-40DA-A6B8-97D2572408AD}"
EndProject
Project("{FAE04EC0-301F-11D3-BF4B-00C04F79EFBC}") = "Library.DataAccess", "Library.DataAccess\Library.DataAccess.csproj", "{559410B6-9EC7-4BDA-9041-745963122822}"
EndProject
Global
	GlobalSection(SolutionConfigurationPlatforms) = preSolution
		Debug|Any CPU = Debug|Any CPU
		Release|Any CPU = Release|Any CPU
	EndGlobalSection
	GlobalSection(ProjectConfigurationPlatforms) = postSolution
		{D71C5109-81BA-40DA-A6B8-97D2572408AD}.Debug|Any CPU.ActiveCfg = Debug|Any CPU
		{D71C5109-81BA-40DA-A6B8-97D2572408AD}.Debug|Any CPU.Build.0 = Debug|Any CPU
		{D71C5109-81BA-40DA-A6B8-97D2572408AD}.Release|Any CPU.ActiveCfg = Release|Any CPU
		{D71C5109-81BA-40DA-A6B8-97D2572408AD}.Release|Any CPU.Build.0 = Release|Any CPU
		{559410B6-9EC7-4BDA-9041-745963122822}.Debug|Any CPU.ActiveCfg = Debug|Any CPU
		{559410B6-9EC7-4BDA-9041-745963122822}.Debug|Any CPU.Build.0 = Debug|Any CPU
		{559410B6-9EC7-4BDA-9041-745963122822}.Release|Any CPU.ActiveCfg = Release|Any CPU
		{559410B6-9EC7-4BDA-9041-745963122822}.Release|Any CPU.Build.0 = Release|Any CPU
	EndGlobalSection
	GlobalSection(SolutionProperties) = preSolution
		HideSolutionNode = FALSE
	EndGlobalSection
	GlobalSection(ExtensibilityGlobals) = postSolution
		SolutionGuid = {BF88188D-2BAD-4E82-A1AA-3E47A604D064}
	EndGlobalSection
EndGlobal
